PODS:
  - flutter_webrtc (0.9.36):
    - FlutterMacOS
    - WebRTC-SDK (= 114.5735.08)
  - FlutterMacOS (1.0.0)
  - path_provider_foundation (0.0.1):
    - Flutter
    - FlutterMacOS
  - WebRTC-SDK (114.5735.08)

DEPENDENCIES:
  - flutter_webrtc (from `Flutter/ephemeral/.symlinks/plugins/flutter_webrtc/macos`)
  - FlutterMacOS (from `Flutter/ephemeral`)
  - path_provider_foundation (from `Flutter/ephemeral/.symlinks/plugins/path_provider_foundation/darwin`)

SPEC REPOS:
  trunk:
    - WebRTC-SDK

EXTERNAL SOURCES:
  flutter_webrtc:
    :path: Flutter/ephemeral/.symlinks/plugins/flutter_webrtc/macos
  FlutterMacOS:
    :path: Flutter/ephemeral
  path_provider_foundation:
    :path: Flutter/ephemeral/.symlinks/plugins/path_provider_foundation/darwin

SPEC CHECKSUMS:
  flutter_webrtc: cf7dc44d26cbb5c5f1ae5f583dab545871f287f9
  FlutterMacOS: 8f6f14fa908a6fb3fba0cd85dbd81ec4b251fb24
  path_provider_foundation: eaf5b3e458fc0e5fbb9940fb09980e853fe058b8
  WebRTC-SDK: c24d2a6c9f571f2ed42297cb8ffba9557093142b

PODFILE CHECKSUM: eec3430f260cde219af51c43f1bcfccf35ab54d0

COCOAPODS: 1.14.2
